
Microsoft Visual Studio Solution File, Format Version 12.00
# Visual Studio 15
VisualStudioVersion = 15.0.28307.168
MinimumVisualStudioVersion = 10.0.40219.1
Project("{888888A0-9F3D-457C-B088-3A5042F75D52}") = "DVSSpikeVizualizer", "DVSSpikeVizualizer\DVSSpikeVizualizer.pyproj", "{2159ECB0-6E6A-425B-A366-4505D870C866}"
EndProject
Project("{8BC9CEB8-8B4A-11D0-8D11-00A0C91BC942}") = "DVSEmulator", "DVSEmulator\DVSEmulator.vcxproj", "{12473CE3-F7F3-4D22-BCD7-A9489E48A9F9}"
EndProject
Project("{8BC9CEB8-8B4A-11D0-8D11-00A0C91BC942}") = "LightSpotPassive", "LightSpotPassive\LightSpotPassive.vcxproj", "{3EDD14C6-C38F-473A-B0DD-2B1C6E951FCF}"
EndProject
Project("{2150E333-8FDC-42A3-9474-1A3956D46DE8}") = "LightSpot.Passive", "LightSpot.Passive", "{5C67F111-C389-4D13-B499-500D91C17D6E}"
EndProject
Project("{8BC9CEB8-8B4A-11D0-8D11-00A0C91BC942}") = "LightSpotPassiveRecord", "LightSpotPassive\LightSpotPassiveRecord\LightSpotPassiveRecord.vcxproj", "{E5DBE6C9-9752-4C9B-BD52-A04758EDFB47}"
EndProject
Project("{888888A0-9F3D-457C-B088-3A5042F75D52}") = "LightSpotPassiveResult", "LightSpotPassive\LightSpotPassiveResult\LightSpotPassiveResult.pyproj", "{E8E65B0D-830D-48EB-9252-D2B569577D0F}"
EndProject
Project("{8BC9CEB8-8B4A-11D0-8D11-00A0C91BC942}") = "LightSpotPassiveClustering", "LightSpotPassive\LightSpotPassiveClustering\LightSpotPassiveClustering.vcxproj", "{C22D591A-D72C-456F-BF8B-C1494C540A11}"
EndProject
Project("{2150E333-8FDC-42A3-9474-1A3956D46DE8}") = "LightSpot", "LightSpot", "{61F00BAD-F61B-483A-9E70-4F03D1A74419}"
EndProject
Project("{2150E333-8FDC-42A3-9474-1A3956D46DE8}") = "networks", "networks", "{AE1907DE-BEF9-4701-9AF1-ED76FAC7B6F0}"
EndProject
Project("{8BC9CEB8-8B4A-11D0-8D11-00A0C91BC942}") = "LightSpot", "LightSpot\networks\LightSpot\LightSpot.vcxproj", "{67C1B6B7-F223-4EF4-876F-714BBE0E88A3}"
EndProject
Project("{8BC9CEB8-8B4A-11D0-8D11-00A0C91BC942}") = "LightSpotEnvironment", "LightSpot\environment\LightSpotEnvironment.vcxproj", "{1BBA29F3-4475-403F-B2BB-FFA40D91D024}"
EndProject
Project("{8BC9CEB8-8B4A-11D0-8D11-00A0C91BC942}") = "LightSpotVisualizer.win", "LightSpot\LightSpotVisualizer.win\LightSpotVisualizer.win.vcxproj", "{9A31D839-3191-497F-A013-64C1ECBFD2BB}"
EndProject
Project("{8BC9CEB8-8B4A-11D0-8D11-00A0C91BC942}") = "LightSpotVisualizer", "LightSpot\LightSpotVisualizer\LightSpotVisualizer.vcxproj", "{3CD66BA6-6255-4E36-8C74-B233DD81C921}"
EndProject
Global
	GlobalSection(SolutionConfigurationPlatforms) = preSolution
		Debug|Any CPU = Debug|Any CPU
		Debug|x64 = Debug|x64
		Debug|x86 = Debug|x86
		Release|Any CPU = Release|Any CPU
		Release|x64 = Release|x64
		Release|x86 = Release|x86
	EndGlobalSection
	GlobalSection(ProjectConfigurationPlatforms) = postSolution
		{2159ECB0-6E6A-425B-A366-4505D870C866}.Debug|Any CPU.ActiveCfg = Debug|Any CPU
		{2159ECB0-6E6A-425B-A366-4505D870C866}.Debug|x64.ActiveCfg = Debug|Any CPU
		{2159ECB0-6E6A-425B-A366-4505D870C866}.Debug|x86.ActiveCfg = Debug|Any CPU
		{2159ECB0-6E6A-425B-A366-4505D870C866}.Release|Any CPU.ActiveCfg = Release|Any CPU
		{2159ECB0-6E6A-425B-A366-4505D870C866}.Release|x64.ActiveCfg = Release|Any CPU
		{2159ECB0-6E6A-425B-A366-4505D870C866}.Release|x86.ActiveCfg = Release|Any CPU
		{12473CE3-F7F3-4D22-BCD7-A9489E48A9F9}.Debug|Any CPU.ActiveCfg = Debug|Win32
		{12473CE3-F7F3-4D22-BCD7-A9489E48A9F9}.Debug|x64.ActiveCfg = Debug|x64
		{12473CE3-F7F3-4D22-BCD7-A9489E48A9F9}.Debug|x64.Build.0 = Debug|x64
		{12473CE3-F7F3-4D22-BCD7-A9489E48A9F9}.Debug|x86.ActiveCfg = Debug|Win32
		{12473CE3-F7F3-4D22-BCD7-A9489E48A9F9}.Debug|x86.Build.0 = Debug|Win32
		{12473CE3-F7F3-4D22-BCD7-A9489E48A9F9}.Release|Any CPU.ActiveCfg = Release|Win32
		{12473CE3-F7F3-4D22-BCD7-A9489E48A9F9}.Release|x64.ActiveCfg = Release|x64
		{12473CE3-F7F3-4D22-BCD7-A9489E48A9F9}.Release|x64.Build.0 = Release|x64
		{12473CE3-F7F3-4D22-BCD7-A9489E48A9F9}.Release|x86.ActiveCfg = Release|Win32
		{12473CE3-F7F3-4D22-BCD7-A9489E48A9F9}.Release|x86.Build.0 = Release|Win32
		{3EDD14C6-C38F-473A-B0DD-2B1C6E951FCF}.Debug|Any CPU.ActiveCfg = Debug|Win32
		{3EDD14C6-C38F-473A-B0DD-2B1C6E951FCF}.Debug|x64.ActiveCfg = Debug|x64
		{3EDD14C6-C38F-473A-B0DD-2B1C6E951FCF}.Debug|x64.Build.0 = Debug|x64
		{3EDD14C6-C38F-473A-B0DD-2B1C6E951FCF}.Debug|x86.ActiveCfg = Debug|Win32
		{3EDD14C6-C38F-473A-B0DD-2B1C6E951FCF}.Debug|x86.Build.0 = Debug|Win32
		{3EDD14C6-C38F-473A-B0DD-2B1C6E951FCF}.Release|Any CPU.ActiveCfg = Release|Win32
		{3EDD14C6-C38F-473A-B0DD-2B1C6E951FCF}.Release|x64.ActiveCfg = Release|x64
		{3EDD14C6-C38F-473A-B0DD-2B1C6E951FCF}.Release|x64.Build.0 = Release|x64
		{3EDD14C6-C38F-473A-B0DD-2B1C6E951FCF}.Release|x86.ActiveCfg = Release|Win32
		{3EDD14C6-C38F-473A-B0DD-2B1C6E951FCF}.Release|x86.Build.0 = Release|Win32
		{E5DBE6C9-9752-4C9B-BD52-A04758EDFB47}.Debug|Any CPU.ActiveCfg = Debug|Win32
		{E5DBE6C9-9752-4C9B-BD52-A04758EDFB47}.Debug|x64.ActiveCfg = Debug|x64
		{E5DBE6C9-9752-4C9B-BD52-A04758EDFB47}.Debug|x64.Build.0 = Debug|x64
		{E5DBE6C9-9752-4C9B-BD52-A04758EDFB47}.Debug|x86.ActiveCfg = Debug|Win32
		{E5DBE6C9-9752-4C9B-BD52-A04758EDFB47}.Debug|x86.Build.0 = Debug|Win32
		{E5DBE6C9-9752-4C9B-BD52-A04758EDFB47}.Release|Any CPU.ActiveCfg = Release|Win32
		{E5DBE6C9-9752-4C9B-BD52-A04758EDFB47}.Release|x64.ActiveCfg = Release|x64
		{E5DBE6C9-9752-4C9B-BD52-A04758EDFB47}.Release|x64.Build.0 = Release|x64
		{E5DBE6C9-9752-4C9B-BD52-A04758EDFB47}.Release|x86.ActiveCfg = Release|Win32
		{E5DBE6C9-9752-4C9B-BD52-A04758EDFB47}.Release|x86.Build.0 = Release|Win32
		{E8E65B0D-830D-48EB-9252-D2B569577D0F}.Debug|Any CPU.ActiveCfg = Debug|Any CPU
		{E8E65B0D-830D-48EB-9252-D2B569577D0F}.Debug|x64.ActiveCfg = Debug|Any CPU
		{E8E65B0D-830D-48EB-9252-D2B569577D0F}.Debug|x86.ActiveCfg = Debug|Any CPU
		{E8E65B0D-830D-48EB-9252-D2B569577D0F}.Release|Any CPU.ActiveCfg = Release|Any CPU
		{E8E65B0D-830D-48EB-9252-D2B569577D0F}.Release|x64.ActiveCfg = Release|Any CPU
		{E8E65B0D-830D-48EB-9252-D2B569577D0F}.Release|x86.ActiveCfg = Release|Any CPU
		{C22D591A-D72C-456F-BF8B-C1494C540A11}.Debug|Any CPU.ActiveCfg = Debug|Win32
		{C22D591A-D72C-456F-BF8B-C1494C540A11}.Debug|x64.ActiveCfg = Debug|x64
		{C22D591A-D72C-456F-BF8B-C1494C540A11}.Debug|x64.Build.0 = Debug|x64
		{C22D591A-D72C-456F-BF8B-C1494C540A11}.Debug|x86.ActiveCfg = Debug|Win32
		{C22D591A-D72C-456F-BF8B-C1494C540A11}.Debug|x86.Build.0 = Debug|Win32
		{C22D591A-D72C-456F-BF8B-C1494C540A11}.Release|Any CPU.ActiveCfg = Release|Win32
		{C22D591A-D72C-456F-BF8B-C1494C540A11}.Release|x64.ActiveCfg = Release|x64
		{C22D591A-D72C-456F-BF8B-C1494C540A11}.Release|x64.Build.0 = Release|x64
		{C22D591A-D72C-456F-BF8B-C1494C540A11}.Release|x86.ActiveCfg = Release|Win32
		{C22D591A-D72C-456F-BF8B-C1494C540A11}.Release|x86.Build.0 = Release|Win32
		{67C1B6B7-F223-4EF4-876F-714BBE0E88A3}.Debug|Any CPU.ActiveCfg = Debug|Win32
		{67C1B6B7-F223-4EF4-876F-714BBE0E88A3}.Debug|x64.ActiveCfg = Debug|x64
		{67C1B6B7-F223-4EF4-876F-714BBE0E88A3}.Debug|x64.Build.0 = Debug|x64
		{67C1B6B7-F223-4EF4-876F-714BBE0E88A3}.Debug|x86.ActiveCfg = Debug|Win32
		{67C1B6B7-F223-4EF4-876F-714BBE0E88A3}.Debug|x86.Build.0 = Debug|Win32
		{67C1B6B7-F223-4EF4-876F-714BBE0E88A3}.Release|Any CPU.ActiveCfg = Release|Win32
		{67C1B6B7-F223-4EF4-876F-714BBE0E88A3}.Release|x64.ActiveCfg = Release|x64
		{67C1B6B7-F223-4EF4-876F-714BBE0E88A3}.Release|x64.Build.0 = Release|x64
		{67C1B6B7-F223-4EF4-876F-714BBE0E88A3}.Release|x86.ActiveCfg = Release|Win32
		{67C1B6B7-F223-4EF4-876F-714BBE0E88A3}.Release|x86.Build.0 = Release|Win32
		{1BBA29F3-4475-403F-B2BB-FFA40D91D024}.Debug|Any CPU.ActiveCfg = Debug|Win32
		{1BBA29F3-4475-403F-B2BB-FFA40D91D024}.Debug|x64.ActiveCfg = Debug|x64
		{1BBA29F3-4475-403F-B2BB-FFA40D91D024}.Debug|x64.Build.0 = Debug|x64
		{1BBA29F3-4475-403F-B2BB-FFA40D91D024}.Debug|x86.ActiveCfg = Debug|Win32
		{1BBA29F3-4475-403F-B2BB-FFA40D91D024}.Debug|x86.Build.0 = Debug|Win32
		{1BBA29F3-4475-403F-B2BB-FFA40D91D024}.Release|Any CPU.ActiveCfg = Release|Win32
		{1BBA29F3-4475-403F-B2BB-FFA40D91D024}.Release|x64.ActiveCfg = Release|x64
		{1BBA29F3-4475-403F-B2BB-FFA40D91D024}.Release|x64.Build.0 = Release|x64
		{1BBA29F3-4475-403F-B2BB-FFA40D91D024}.Release|x86.ActiveCfg = Release|Win32
		{1BBA29F3-4475-403F-B2BB-FFA40D91D024}.Release|x86.Build.0 = Release|Win32
		{9A31D839-3191-497F-A013-64C1ECBFD2BB}.Debug|Any CPU.ActiveCfg = Debug|Win32
		{9A31D839-3191-497F-A013-64C1ECBFD2BB}.Debug|x64.ActiveCfg = Debug|x64
		{9A31D839-3191-497F-A013-64C1ECBFD2BB}.Debug|x64.Build.0 = Debug|x64
		{9A31D839-3191-497F-A013-64C1ECBFD2BB}.Debug|x86.ActiveCfg = Debug|Win32
		{9A31D839-3191-497F-A013-64C1ECBFD2BB}.Debug|x86.Build.0 = Debug|Win32
		{9A31D839-3191-497F-A013-64C1ECBFD2BB}.Release|Any CPU.ActiveCfg = Release|Win32
		{9A31D839-3191-497F-A013-64C1ECBFD2BB}.Release|x64.ActiveCfg = Release|x64
		{9A31D839-3191-497F-A013-64C1ECBFD2BB}.Release|x64.Build.0 = Release|x64
		{9A31D839-3191-497F-A013-64C1ECBFD2BB}.Release|x86.ActiveCfg = Release|Win32
		{9A31D839-3191-497F-A013-64C1ECBFD2BB}.Release|x86.Build.0 = Release|Win32
		{3CD66BA6-6255-4E36-8C74-B233DD81C921}.Debug|Any CPU.ActiveCfg = Debug|Win32
		{3CD66BA6-6255-4E36-8C74-B233DD81C921}.Debug|x64.ActiveCfg = Debug|x64
		{3CD66BA6-6255-4E36-8C74-B233DD81C921}.Debug|x64.Build.0 = Debug|x64
		{3CD66BA6-6255-4E36-8C74-B233DD81C921}.Debug|x86.ActiveCfg = Debug|Win32
		{3CD66BA6-6255-4E36-8C74-B233DD81C921}.Debug|x86.Build.0 = Debug|Win32
		{3CD66BA6-6255-4E36-8C74-B233DD81C921}.Release|Any CPU.ActiveCfg = Release|Win32
		{3CD66BA6-6255-4E36-8C74-B233DD81C921}.Release|x64.ActiveCfg = Release|x64
		{3CD66BA6-6255-4E36-8C74-B233DD81C921}.Release|x64.Build.0 = Release|x64
		{3CD66BA6-6255-4E36-8C74-B233DD81C921}.Release|x86.ActiveCfg = Release|Win32
		{3CD66BA6-6255-4E36-8C74-B233DD81C921}.Release|x86.Build.0 = Release|Win32
	EndGlobalSection
	GlobalSection(SolutionProperties) = preSolution
		HideSolutionNode = FALSE
	EndGlobalSection
	GlobalSection(NestedProjects) = preSolution
		{3EDD14C6-C38F-473A-B0DD-2B1C6E951FCF} = {5C67F111-C389-4D13-B499-500D91C17D6E}
		{E5DBE6C9-9752-4C9B-BD52-A04758EDFB47} = {5C67F111-C389-4D13-B499-500D91C17D6E}
		{E8E65B0D-830D-48EB-9252-D2B569577D0F} = {5C67F111-C389-4D13-B499-500D91C17D6E}
		{C22D591A-D72C-456F-BF8B-C1494C540A11} = {5C67F111-C389-4D13-B499-500D91C17D6E}
		{AE1907DE-BEF9-4701-9AF1-ED76FAC7B6F0} = {61F00BAD-F61B-483A-9E70-4F03D1A74419}
		{67C1B6B7-F223-4EF4-876F-714BBE0E88A3} = {AE1907DE-BEF9-4701-9AF1-ED76FAC7B6F0}
		{1BBA29F3-4475-403F-B2BB-FFA40D91D024} = {61F00BAD-F61B-483A-9E70-4F03D1A74419}
		{9A31D839-3191-497F-A013-64C1ECBFD2BB} = {61F00BAD-F61B-483A-9E70-4F03D1A74419}
		{3CD66BA6-6255-4E36-8C74-B233DD81C921} = {61F00BAD-F61B-483A-9E70-4F03D1A74419}
	EndGlobalSection
	GlobalSection(ExtensibilityGlobals) = postSolution
		SolutionGuid = {4A2DA237-49E5-43AA-A1E5-FB49DAF7D5CB}
	EndGlobalSection
EndGlobal
