
Microsoft Visual Studio Solution File, Format Version 12.00
# Visual Studio 15
VisualStudioVersion = 15.0.28307.168
MinimumVisualStudioVersion = 10.0.40219.1
Project("{888888A0-9F3D-457C-B088-3A5042F75D52}") = "DVSSpikeVizualizer", "DVSSpikeVizualizer\DVSSpikeVizualizer.pyproj", "{2159ECB0-6E6A-425B-A366-4505D870C866}"
EndProject
Project("{8BC9CEB8-8B4A-11D0-8D11-00A0C91BC942}") = "DVSEmulator", "DVSEmulator\DVSEmulator.vcxproj", "{12473CE3-F7F3-4D22-BCD7-A9489E48A9F9}"
EndProject
Project("{8BC9CEB8-8B4A-11D0-8D11-00A0C91BC942}") = "LightSpotPassive", "LightSpotPassive\LightSpotPassive.vcxproj", "{3EDD14C6-C38F-473A-B0DD-2B1C6E951FCF}"
EndProject
Project("{8BC9CEB8-8B4A-11D0-8D11-00A0C91BC942}") = "LightSpotPassiveRecord", "LightSpotPassiveRecord\LightSpotPassiveRecord.vcxproj", "{E5DBE6C9-9752-4C9B-BD52-A04758EDFB47}"
EndProject
Global
	GlobalSection(SolutionConfigurationPlatforms) = preSolution
		Debug|Any CPU = Debug|Any CPU
		Debug|x64 = Debug|x64
		Debug|x86 = Debug|x86
		Release|Any CPU = Release|Any CPU
		Release|x64 = Release|x64
		Release|x86 = Release|x86
	EndGlobalSection
	GlobalSection(ProjectConfigurationPlatforms) = postSolution
		{2159ECB0-6E6A-425B-A366-4505D870C866}.Debug|Any CPU.ActiveCfg = Debug|Any CPU
		{2159ECB0-6E6A-425B-A366-4505D870C866}.Debug|x64.ActiveCfg = Debug|Any CPU
		{2159ECB0-6E6A-425B-A366-4505D870C866}.Debug|x86.ActiveCfg = Debug|Any CPU
		{2159ECB0-6E6A-425B-A366-4505D870C866}.Release|Any CPU.ActiveCfg = Release|Any CPU
		{2159ECB0-6E6A-425B-A366-4505D870C866}.Release|x64.ActiveCfg = Release|Any CPU
		{2159ECB0-6E6A-425B-A366-4505D870C866}.Release|x86.ActiveCfg = Release|Any CPU
		{12473CE3-F7F3-4D22-BCD7-A9489E48A9F9}.Debug|Any CPU.ActiveCfg = Debug|Win32
		{12473CE3-F7F3-4D22-BCD7-A9489E48A9F9}.Debug|x64.ActiveCfg = Debug|x64
		{12473CE3-F7F3-4D22-BCD7-A9489E48A9F9}.Debug|x64.Build.0 = Debug|x64
		{12473CE3-F7F3-4D22-BCD7-A9489E48A9F9}.Debug|x86.ActiveCfg = Debug|Win32
		{12473CE3-F7F3-4D22-BCD7-A9489E48A9F9}.Debug|x86.Build.0 = Debug|Win32
		{12473CE3-F7F3-4D22-BCD7-A9489E48A9F9}.Release|Any CPU.ActiveCfg = Release|Win32
		{12473CE3-F7F3-4D22-BCD7-A9489E48A9F9}.Release|x64.ActiveCfg = Release|x64
		{12473CE3-F7F3-4D22-BCD7-A9489E48A9F9}.Release|x64.Build.0 = Release|x64
		{12473CE3-F7F3-4D22-BCD7-A9489E48A9F9}.Release|x86.ActiveCfg = Release|Win32
		{12473CE3-F7F3-4D22-BCD7-A9489E48A9F9}.Release|x86.Build.0 = Release|Win32
		{3EDD14C6-C38F-473A-B0DD-2B1C6E951FCF}.Debug|Any CPU.ActiveCfg = Debug|Win32
		{3EDD14C6-C38F-473A-B0DD-2B1C6E951FCF}.Debug|x64.ActiveCfg = Debug|x64
		{3EDD14C6-C38F-473A-B0DD-2B1C6E951FCF}.Debug|x64.Build.0 = Debug|x64
		{3EDD14C6-C38F-473A-B0DD-2B1C6E951FCF}.Debug|x86.ActiveCfg = Debug|Win32
		{3EDD14C6-C38F-473A-B0DD-2B1C6E951FCF}.Debug|x86.Build.0 = Debug|Win32
		{3EDD14C6-C38F-473A-B0DD-2B1C6E951FCF}.Release|Any CPU.ActiveCfg = Release|Win32
		{3EDD14C6-C38F-473A-B0DD-2B1C6E951FCF}.Release|x64.ActiveCfg = Release|x64
		{3EDD14C6-C38F-473A-B0DD-2B1C6E951FCF}.Release|x64.Build.0 = Release|x64
		{3EDD14C6-C38F-473A-B0DD-2B1C6E951FCF}.Release|x86.ActiveCfg = Release|Win32
		{3EDD14C6-C38F-473A-B0DD-2B1C6E951FCF}.Release|x86.Build.0 = Release|Win32
		{E5DBE6C9-9752-4C9B-BD52-A04758EDFB47}.Debug|Any CPU.ActiveCfg = Debug|Win32
		{E5DBE6C9-9752-4C9B-BD52-A04758EDFB47}.Debug|x64.ActiveCfg = Debug|x64
		{E5DBE6C9-9752-4C9B-BD52-A04758EDFB47}.Debug|x64.Build.0 = Debug|x64
		{E5DBE6C9-9752-4C9B-BD52-A04758EDFB47}.Debug|x86.ActiveCfg = Debug|Win32
		{E5DBE6C9-9752-4C9B-BD52-A04758EDFB47}.Debug|x86.Build.0 = Debug|Win32
		{E5DBE6C9-9752-4C9B-BD52-A04758EDFB47}.Release|Any CPU.ActiveCfg = Release|Win32
		{E5DBE6C9-9752-4C9B-BD52-A04758EDFB47}.Release|x64.ActiveCfg = Release|x64
		{E5DBE6C9-9752-4C9B-BD52-A04758EDFB47}.Release|x64.Build.0 = Release|x64
		{E5DBE6C9-9752-4C9B-BD52-A04758EDFB47}.Release|x86.ActiveCfg = Release|Win32
		{E5DBE6C9-9752-4C9B-BD52-A04758EDFB47}.Release|x86.Build.0 = Release|Win32
	EndGlobalSection
	GlobalSection(SolutionProperties) = preSolution
		HideSolutionNode = FALSE
	EndGlobalSection
	GlobalSection(ExtensibilityGlobals) = postSolution
		SolutionGuid = {4A2DA237-49E5-43AA-A1E5-FB49DAF7D5CB}
	EndGlobalSection
EndGlobal
